PODS:
  - Differentiator (4.0.1)
  - ReactiveCocoa (10.0.0):
    - ReactiveSwift (~> 6.0)
  - ReactiveSwift (6.0.0)

DEPENDENCIES:
  - Differentiator (~> 4.0)
  - ReactiveCocoa (~> 10.0)

SPEC REPOS:
  https://github.com/cocoapods/specs.git:
    - Differentiator
    - ReactiveCocoa
    - ReactiveSwift

SPEC CHECKSUMS:
  Differentiator: 886080237d9f87f322641dedbc5be257061b0602
  ReactiveCocoa: 6d4c37ba236f5d9a7a55b2172cd09f19ba85f574
  ReactiveSwift: 24b7ed245617bbfd30ee0c87779b6c64ac1b4518

PODFILE CHECKSUM: ebf6207786ff136af0fae7b87a28f7825e451611

COCOAPODS: 1.6.2
