// !$*UTF8*$!
{
	archiveVersion = 1;
	classes = {
	};
	objectVersion = 46;
	objects = {

/* Begin PBXBuildFile section */
		6134342E6FE69BB89F3C8A99 /* Pods_Example.framework in Frameworks */ = {isa = PBXBuildFile; fileRef = 9E8D2657AAC27A653521BCD8 /* Pods_Example.framework */; };
		65C12B1B233B7C030028D31A /* Randomizer.swift in Sources */ = {isa = PBXBuildFile; fileRef = 65C12B19233B7C030028D31A /* Randomizer.swift */; };
		65C12B1C233B7C030028D31A /* NumberSection.swift in Sources */ = {isa = PBXBuildFile; fileRef = 65C12B1A233B7C030028D31A /* NumberSection.swift */; };
		845F61F41CCFD96800A8BE32 /* Example4_DifferentSectionAndItemTypes.swift in Sources */ = {isa = PBXBuildFile; fileRef = 845F61F31CCFD96800A8BE32 /* Example4_DifferentSectionAndItemTypes.swift */; };
		845F61F71CCFDE6A00A8BE32 /* ImageTitleTableViewCell.swift in Sources */ = {isa = PBXBuildFile; fileRef = 845F61F61CCFDE6A00A8BE32 /* ImageTitleTableViewCell.swift */; };
		845F61F91CCFDEA800A8BE32 /* TitleSwitchTableViewCell.swift in Sources */ = {isa = PBXBuildFile; fileRef = 845F61F81CCFDEA800A8BE32 /* TitleSwitchTableViewCell.swift */; };
		845F61FB1CCFDED600A8BE32 /* TitleSteperTableViewCell.swift in Sources */ = {isa = PBXBuildFile; fileRef = 845F61FA1CCFDED600A8BE32 /* TitleSteperTableViewCell.swift */; };
		845F61FD1CCFF63600A8BE32 /* UIKitExtensions.swift in Sources */ = {isa = PBXBuildFile; fileRef = 845F61FC1CCFF63600A8BE32 /* UIKitExtensions.swift */; };
		84FC6BEE1CA4830A00D3C605 /* Example3_TableViewEditing.swift in Sources */ = {isa = PBXBuildFile; fileRef = 84FC6BED1CA4830A00D3C605 /* Example3_TableViewEditing.swift */; };
		A5E035641F0BD55A00EA6BDE /* Example5_UIPickerView.swift in Sources */ = {isa = PBXBuildFile; fileRef = A5E035631F0BD55A00EA6BDE /* Example5_UIPickerView.swift */; };
		AC3178A76190480D66CA2D10 /* Pods_ExampleUITests.framework in Frameworks */ = {isa = PBXBuildFile; fileRef = 614DC6CD9404BA4BA0D61D0B /* Pods_ExampleUITests.framework */; };
		C8153A501CC6C2F40050C990 /* Example1_CustomizationUsingTableViewDelegate.swift in Sources */ = {isa = PBXBuildFile; fileRef = C8153A4F1CC6C2F40050C990 /* Example1_CustomizationUsingTableViewDelegate.swift */; };
		C87DF3461D0219A7006308C5 /* AppDelegate.swift in Sources */ = {isa = PBXBuildFile; fileRef = C87DF3431D0219A7006308C5 /* AppDelegate.swift */; };
		C8984CA01C36B6FA001E4272 /* Example2_RandomizedSectionsAnimation.swift in Sources */ = {isa = PBXBuildFile; fileRef = C8984C9F1C36B6FA001E4272 /* Example2_RandomizedSectionsAnimation.swift */; };
		C8984CA31C36B6FA001E4272 /* Main.storyboard in Resources */ = {isa = PBXBuildFile; fileRef = C8984CA11C36B6FA001E4272 /* Main.storyboard */; };
		C8984CA51C36B6FA001E4272 /* Assets.xcassets in Resources */ = {isa = PBXBuildFile; fileRef = C8984CA41C36B6FA001E4272 /* Assets.xcassets */; };
		C8984CA81C36B6FA001E4272 /* LaunchScreen.storyboard in Resources */ = {isa = PBXBuildFile; fileRef = C8984CA61C36B6FA001E4272 /* LaunchScreen.storyboard */; };
		C8984CB41C36B723001E4272 /* ExampleUITests.swift in Sources */ = {isa = PBXBuildFile; fileRef = C8984CB31C36B723001E4272 /* ExampleUITests.swift */; };
/* End PBXBuildFile section */

/* Begin PBXContainerItemProxy section */
		C8984CB61C36B723001E4272 /* PBXContainerItemProxy */ = {
			isa = PBXContainerItemProxy;
			containerPortal = C8984C511C36AF35001E4272 /* Project object */;
			proxyType = 1;
			remoteGlobalIDString = C8984C9A1C36B6FA001E4272;
			remoteInfo = Example;
		};
/* End PBXContainerItemProxy section */

/* Begin PBXCopyFilesBuildPhase section */
		C87C34A11F363B1400DB85FE /* Embed Frameworks */ = {
			isa = PBXCopyFilesBuildPhase;
			buildActionMask = 2147483647;
			dstPath = "";
			dstSubfolderSpec = 10;
			files = (
			);
			name = "Embed Frameworks";
			runOnlyForDeploymentPostprocessing = 0;
		};
/* End PBXCopyFilesBuildPhase section */

/* Begin PBXFileReference section */
		099F0039764098732C7696AD /* Pods-ExampleUITests.release.xcconfig */ = {isa = PBXFileReference; includeInIndex = 1; lastKnownFileType = text.xcconfig; name = "Pods-ExampleUITests.release.xcconfig"; path = "Target Support Files/Pods-ExampleUITests/Pods-ExampleUITests.release.xcconfig"; sourceTree = "<group>"; };
		39F27A3FBD964DDE7684DE6F /* Pods-Example.release.xcconfig */ = {isa = PBXFileReference; includeInIndex = 1; lastKnownFileType = text.xcconfig; name = "Pods-Example.release.xcconfig"; path = "Target Support Files/Pods-Example/Pods-Example.release.xcconfig"; sourceTree = "<group>"; };
		5BCCDE71440E783C91FEA377 /* Pods-Example.debug.xcconfig */ = {isa = PBXFileReference; includeInIndex = 1; lastKnownFileType = text.xcconfig; name = "Pods-Example.debug.xcconfig"; path = "Target Support Files/Pods-Example/Pods-Example.debug.xcconfig"; sourceTree = "<group>"; };
		614DC6CD9404BA4BA0D61D0B /* Pods_ExampleUITests.framework */ = {isa = PBXFileReference; explicitFileType = wrapper.framework; includeInIndex = 0; path = Pods_ExampleUITests.framework; sourceTree = BUILT_PRODUCTS_DIR; };
		65C12B19233B7C030028D31A /* Randomizer.swift */ = {isa = PBXFileReference; fileEncoding = 4; lastKnownFileType = sourcecode.swift; path = Randomizer.swift; sourceTree = "<group>"; };
		65C12B1A233B7C030028D31A /* NumberSection.swift */ = {isa = PBXFileReference; fileEncoding = 4; lastKnownFileType = sourcecode.swift; path = NumberSection.swift; sourceTree = "<group>"; };
		845F61F31CCFD96800A8BE32 /* Example4_DifferentSectionAndItemTypes.swift */ = {isa = PBXFileReference; fileEncoding = 4; lastKnownFileType = sourcecode.swift; path = Example4_DifferentSectionAndItemTypes.swift; sourceTree = "<group>"; };
		845F61F61CCFDE6A00A8BE32 /* ImageTitleTableViewCell.swift */ = {isa = PBXFileReference; fileEncoding = 4; lastKnownFileType = sourcecode.swift; path = ImageTitleTableViewCell.swift; sourceTree = "<group>"; };
		845F61F81CCFDEA800A8BE32 /* TitleSwitchTableViewCell.swift */ = {isa = PBXFileReference; fileEncoding = 4; lastKnownFileType = sourcecode.swift; path = TitleSwitchTableViewCell.swift; sourceTree = "<group>"; };
		845F61FA1CCFDED600A8BE32 /* TitleSteperTableViewCell.swift */ = {isa = PBXFileReference; fileEncoding = 4; lastKnownFileType = sourcecode.swift; path = TitleSteperTableViewCell.swift; sourceTree = "<group>"; };
		845F61FC1CCFF63600A8BE32 /* UIKitExtensions.swift */ = {isa = PBXFileReference; fileEncoding = 4; lastKnownFileType = sourcecode.swift; path = UIKitExtensions.swift; sourceTree = "<group>"; };
		84FC6BED1CA4830A00D3C605 /* Example3_TableViewEditing.swift */ = {isa = PBXFileReference; fileEncoding = 4; lastKnownFileType = sourcecode.swift; path = Example3_TableViewEditing.swift; sourceTree = "<group>"; };
		9E8D2657AAC27A653521BCD8 /* Pods_Example.framework */ = {isa = PBXFileReference; explicitFileType = wrapper.framework; includeInIndex = 0; path = Pods_Example.framework; sourceTree = BUILT_PRODUCTS_DIR; };
		A5E035631F0BD55A00EA6BDE /* Example5_UIPickerView.swift */ = {isa = PBXFileReference; fileEncoding = 4; lastKnownFileType = sourcecode.swift; path = Example5_UIPickerView.swift; sourceTree = "<group>"; };
		C326C806B722B22C3FF930F6 /* Pods-ExampleUITests.debug.xcconfig */ = {isa = PBXFileReference; includeInIndex = 1; lastKnownFileType = text.xcconfig; name = "Pods-ExampleUITests.debug.xcconfig"; path = "Target Support Files/Pods-ExampleUITests/Pods-ExampleUITests.debug.xcconfig"; sourceTree = "<group>"; };
		C8153A4F1CC6C2F40050C990 /* Example1_CustomizationUsingTableViewDelegate.swift */ = {isa = PBXFileReference; fileEncoding = 4; lastKnownFileType = sourcecode.swift; path = Example1_CustomizationUsingTableViewDelegate.swift; sourceTree = "<group>"; };
		C81905AE1DEA019100AE679C /* Tests.xctest */ = {isa = PBXFileReference; explicitFileType = wrapper.cfbundle; includeInIndex = 0; path = Tests.xctest; sourceTree = BUILT_PRODUCTS_DIR; };
		C87DF3431D0219A7006308C5 /* AppDelegate.swift */ = {isa = PBXFileReference; fileEncoding = 4; lastKnownFileType = sourcecode.swift; path = AppDelegate.swift; sourceTree = "<group>"; };
		C8984C9B1C36B6FA001E4272 /* Example.app */ = {isa = PBXFileReference; explicitFileType = wrapper.application; includeInIndex = 0; path = Example.app; sourceTree = BUILT_PRODUCTS_DIR; };
		C8984C9F1C36B6FA001E4272 /* Example2_RandomizedSectionsAnimation.swift */ = {isa = PBXFileReference; lastKnownFileType = sourcecode.swift; path = Example2_RandomizedSectionsAnimation.swift; sourceTree = "<group>"; };
		C8984CA21C36B6FA001E4272 /* Base */ = {isa = PBXFileReference; lastKnownFileType = file.storyboard; name = Base; path = Base.lproj/Main.storyboard; sourceTree = "<group>"; };
		C8984CA41C36B6FA001E4272 /* Assets.xcassets */ = {isa = PBXFileReference; lastKnownFileType = folder.assetcatalog; path = Assets.xcassets; sourceTree = "<group>"; };
		C8984CA71C36B6FA001E4272 /* Base */ = {isa = PBXFileReference; lastKnownFileType = file.storyboard; name = Base; path = Base.lproj/LaunchScreen.storyboard; sourceTree = "<group>"; };
		C8984CA91C36B6FA001E4272 /* Info.plist */ = {isa = PBXFileReference; lastKnownFileType = text.plist.xml; path = Info.plist; sourceTree = "<group>"; };
		C8984CB11C36B723001E4272 /* ExampleUITests.xctest */ = {isa = PBXFileReference; explicitFileType = wrapper.cfbundle; includeInIndex = 0; path = ExampleUITests.xctest; sourceTree = BUILT_PRODUCTS_DIR; };
		C8984CB31C36B723001E4272 /* ExampleUITests.swift */ = {isa = PBXFileReference; lastKnownFileType = sourcecode.swift; path = ExampleUITests.swift; sourceTree = "<group>"; };
		C8984CB51C36B723001E4272 /* Info.plist */ = {isa = PBXFileReference; lastKnownFileType = text.plist.xml; path = Info.plist; sourceTree = "<group>"; };
/* End PBXFileReference section */

/* Begin PBXFrameworksBuildPhase section */
		C81905AB1DEA019100AE679C /* Frameworks */ = {
			isa = PBXFrameworksBuildPhase;
			buildActionMask = 2147483647;
			files = (
			);
			runOnlyForDeploymentPostprocessing = 0;
		};
		C8984C981C36B6FA001E4272 /* Frameworks */ = {
			isa = PBXFrameworksBuildPhase;
			buildActionMask = 2147483647;
			files = (
				6134342E6FE69BB89F3C8A99 /* Pods_Example.framework in Frameworks */,
			);
			runOnlyForDeploymentPostprocessing = 0;
		};
		C8984CAE1C36B723001E4272 /* Frameworks */ = {
			isa = PBXFrameworksBuildPhase;
			buildActionMask = 2147483647;
			files = (
				AC3178A76190480D66CA2D10 /* Pods_ExampleUITests.framework in Frameworks */,
			);
			runOnlyForDeploymentPostprocessing = 0;
		};
/* End PBXFrameworksBuildPhase section */

/* Begin PBXGroup section */
		17301D30433FF1EDF8DD4D9E /* Pods */ = {
			isa = PBXGroup;
			children = (
				5BCCDE71440E783C91FEA377 /* Pods-Example.debug.xcconfig */,
				39F27A3FBD964DDE7684DE6F /* Pods-Example.release.xcconfig */,
				C326C806B722B22C3FF930F6 /* Pods-ExampleUITests.debug.xcconfig */,
				099F0039764098732C7696AD /* Pods-ExampleUITests.release.xcconfig */,
			);
			path = Pods;
			sourceTree = "<group>";
		};
		845F61F51CCFDD7100A8BE32 /* Views */ = {
			isa = PBXGroup;
			children = (
				845F61F61CCFDE6A00A8BE32 /* ImageTitleTableViewCell.swift */,
				845F61F81CCFDEA800A8BE32 /* TitleSwitchTableViewCell.swift */,
				845F61FA1CCFDED600A8BE32 /* TitleSteperTableViewCell.swift */,
				845F61FC1CCFF63600A8BE32 /* UIKitExtensions.swift */,
			);
			path = Views;
			sourceTree = "<group>";
		};
		8E74A1FC66002E512AFA1895 /* Frameworks */ = {
			isa = PBXGroup;
			children = (
				9E8D2657AAC27A653521BCD8 /* Pods_Example.framework */,
				614DC6CD9404BA4BA0D61D0B /* Pods_ExampleUITests.framework */,
			);
			name = Frameworks;
			sourceTree = "<group>";
		};
		C87DF3421D0219A7006308C5 /* Support */ = {
			isa = PBXGroup;
			children = (
				65C12B1A233B7C030028D31A /* NumberSection.swift */,
				65C12B19233B7C030028D31A /* Randomizer.swift */,
				C87DF3431D0219A7006308C5 /* AppDelegate.swift */,
			);
			path = Support;
			sourceTree = "<group>";
		};
		C8984C501C36AF35001E4272 = {
			isa = PBXGroup;
			children = (
				C8984C9C1C36B6FA001E4272 /* Example */,
				C8984CB21C36B723001E4272 /* ExampleUITests */,
				C8984C5B1C36AF35001E4272 /* Products */,
				17301D30433FF1EDF8DD4D9E /* Pods */,
				8E74A1FC66002E512AFA1895 /* Frameworks */,
			);
			sourceTree = "<group>";
		};
		C8984C5B1C36AF35001E4272 /* Products */ = {
			isa = PBXGroup;
			children = (
				C8984C9B1C36B6FA001E4272 /* Example.app */,
				C8984CB11C36B723001E4272 /* ExampleUITests.xctest */,
				C81905AE1DEA019100AE679C /* Tests.xctest */,
			);
			name = Products;
			sourceTree = "<group>";
		};
		C8984C9C1C36B6FA001E4272 /* Example */ = {
			isa = PBXGroup;
			children = (
				C8153A4F1CC6C2F40050C990 /* Example1_CustomizationUsingTableViewDelegate.swift */,
				C8984C9F1C36B6FA001E4272 /* Example2_RandomizedSectionsAnimation.swift */,
				84FC6BED1CA4830A00D3C605 /* Example3_TableViewEditing.swift */,
				845F61F31CCFD96800A8BE32 /* Example4_DifferentSectionAndItemTypes.swift */,
				A5E035631F0BD55A00EA6BDE /* Example5_UIPickerView.swift */,
				C87DF3421D0219A7006308C5 /* Support */,
				845F61F51CCFDD7100A8BE32 /* Views */,
				C8984CA11C36B6FA001E4272 /* Main.storyboard */,
				C8984CA41C36B6FA001E4272 /* Assets.xcassets */,
				C8984CA61C36B6FA001E4272 /* LaunchScreen.storyboard */,
				C8984CA91C36B6FA001E4272 /* Info.plist */,
			);
			path = Example;
			sourceTree = "<group>";
		};
		C8984CB21C36B723001E4272 /* ExampleUITests */ = {
			isa = PBXGroup;
			children = (
				C8984CB31C36B723001E4272 /* ExampleUITests.swift */,
				C8984CB51C36B723001E4272 /* Info.plist */,
			);
			path = ExampleUITests;
			sourceTree = "<group>";
		};
/* End PBXGroup section */

/* Begin PBXNativeTarget section */
		C81905AD1DEA019100AE679C /* Tests */ = {
			isa = PBXNativeTarget;
			buildConfigurationList = C81905B81DEA019100AE679C /* Build configuration list for PBXNativeTarget "Tests" */;
			buildPhases = (
				C81905AA1DEA019100AE679C /* Sources */,
				C81905AB1DEA019100AE679C /* Frameworks */,
				C81905AC1DEA019100AE679C /* Resources */,
			);
			buildRules = (
			);
			dependencies = (
			);
			name = Tests;
			productName = Tests;
			productReference = C81905AE1DEA019100AE679C /* Tests.xctest */;
			productType = "com.apple.product-type.bundle.unit-test";
		};
		C8984C9A1C36B6FA001E4272 /* Example */ = {
			isa = PBXNativeTarget;
			buildConfigurationList = C8984CAA1C36B6FA001E4272 /* Build configuration list for PBXNativeTarget "Example" */;
			buildPhases = (
				0A0A2DAC5A8EC9C34B66A61A /* [CP] Check Pods Manifest.lock */,
				C8984C971C36B6FA001E4272 /* Sources */,
				C8984C981C36B6FA001E4272 /* Frameworks */,
				C8984C991C36B6FA001E4272 /* Resources */,
				C82FDC991F3651D0002FA2B6 /* NormalizeCocoapods */,
				C87C34A11F363B1400DB85FE /* Embed Frameworks */,
				B6870535EA5062A443B5DD9A /* [CP] Embed Pods Frameworks */,
			);
			buildRules = (
			);
			dependencies = (
			);
			name = Example;
			productName = Example;
			productReference = C8984C9B1C36B6FA001E4272 /* Example.app */;
			productType = "com.apple.product-type.application";
		};
		C8984CB01C36B723001E4272 /* ExampleUITests */ = {
			isa = PBXNativeTarget;
			buildConfigurationList = C8984CB81C36B723001E4272 /* Build configuration list for PBXNativeTarget "ExampleUITests" */;
			buildPhases = (
				6276315F2956F2FDC122F070 /* [CP] Check Pods Manifest.lock */,
				C8984CAD1C36B723001E4272 /* Sources */,
				C8984CAE1C36B723001E4272 /* Frameworks */,
				C8984CAF1C36B723001E4272 /* Resources */,
			);
			buildRules = (
			);
			dependencies = (
				C8984CB71C36B723001E4272 /* PBXTargetDependency */,
			);
			name = ExampleUITests;
			productName = ExampleUITests;
			productReference = C8984CB11C36B723001E4272 /* ExampleUITests.xctest */;
			productType = "com.apple.product-type.bundle.ui-testing";
		};
/* End PBXNativeTarget section */

/* Begin PBXProject section */
		C8984C511C36AF35001E4272 /* Project object */ = {
			isa = PBXProject;
			attributes = {
				LastSwiftUpdateCheck = 0810;
				LastUpgradeCheck = 1010;
				ORGANIZATIONNAME = kzaher;
				TargetAttributes = {
					C81905AD1DEA019100AE679C = {
						CreatedOnToolsVersion = 8.1;
						DevelopmentTeam = 783T66X79Y;
						ProvisioningStyle = Automatic;
					};
					C8984C9A1C36B6FA001E4272 = {
						CreatedOnToolsVersion = 7.2;
					};
					C8984CB01C36B723001E4272 = {
						CreatedOnToolsVersion = 7.2;
						TestTargetID = C8984C9A1C36B6FA001E4272;
					};
				};
			};
			buildConfigurationList = C8984C541C36AF35001E4272 /* Build configuration list for PBXProject "Example" */;
			compatibilityVersion = "Xcode 3.2";
			developmentRegion = English;
			hasScannedForEncodings = 0;
			knownRegions = (
				English,
				en,
				Base,
			);
			mainGroup = C8984C501C36AF35001E4272;
			productRefGroup = C8984C5B1C36AF35001E4272 /* Products */;
			projectDirPath = "";
			projectRoot = "";
			targets = (
				C8984C9A1C36B6FA001E4272 /* Example */,
				C8984CB01C36B723001E4272 /* ExampleUITests */,
				C81905AD1DEA019100AE679C /* Tests */,
			);
		};
/* End PBXProject section */

/* Begin PBXResourcesBuildPhase section */
		C81905AC1DEA019100AE679C /* Resources */ = {
			isa = PBXResourcesBuildPhase;
			buildActionMask = 2147483647;
			files = (
			);
			runOnlyForDeploymentPostprocessing = 0;
		};
		C8984C991C36B6FA001E4272 /* Resources */ = {
			isa = PBXResourcesBuildPhase;
			buildActionMask = 2147483647;
			files = (
				C8984CA81C36B6FA001E4272 /* LaunchScreen.storyboard in Resources */,
				C8984CA51C36B6FA001E4272 /* Assets.xcassets in Resources */,
				C8984CA31C36B6FA001E4272 /* Main.storyboard in Resources */,
			);
			runOnlyForDeploymentPostprocessing = 0;
		};
		C8984CAF1C36B723001E4272 /* Resources */ = {
			isa = PBXResourcesBuildPhase;
			buildActionMask = 2147483647;
			files = (
			);
			runOnlyForDeploymentPostprocessing = 0;
		};
/* End PBXResourcesBuildPhase section */

/* Begin PBXShellScriptBuildPhase section */
		0A0A2DAC5A8EC9C34B66A61A /* [CP] Check Pods Manifest.lock */ = {
			isa = PBXShellScriptBuildPhase;
			buildActionMask = 2147483647;
			files = (
			);
			inputFileListPaths = (
			);
			inputPaths = (
				"${PODS_PODFILE_DIR_PATH}/Podfile.lock",
				"${PODS_ROOT}/Manifest.lock",
			);
			name = "[CP] Check Pods Manifest.lock";
			outputFileListPaths = (
			);
			outputPaths = (
				"$(DERIVED_FILE_DIR)/Pods-Example-checkManifestLockResult.txt",
			);
			runOnlyForDeploymentPostprocessing = 0;
			shellPath = /bin/sh;
			shellScript = "diff \"${PODS_PODFILE_DIR_PATH}/Podfile.lock\" \"${PODS_ROOT}/Manifest.lock\" > /dev/null\nif [ $? != 0 ] ; then\n    # print error to STDERR\n    echo \"error: The sandbox is not in sync with the Podfile.lock. Run 'pod install' or update your CocoaPods installation.\" >&2\n    exit 1\nfi\n# This output is used by Xcode 'outputs' to avoid re-running this script phase.\necho \"SUCCESS\" > \"${SCRIPT_OUTPUT_FILE_0}\"\n";
			showEnvVarsInLog = 0;
		};
		6276315F2956F2FDC122F070 /* [CP] Check Pods Manifest.lock */ = {
			isa = PBXShellScriptBuildPhase;
			buildActionMask = 2147483647;
			files = (
			);
			inputFileListPaths = (
			);
			inputPaths = (
				"${PODS_PODFILE_DIR_PATH}/Podfile.lock",
				"${PODS_ROOT}/Manifest.lock",
			);
			name = "[CP] Check Pods Manifest.lock";
			outputFileListPaths = (
			);
			outputPaths = (
				"$(DERIVED_FILE_DIR)/Pods-ExampleUITests-checkManifestLockResult.txt",
			);
			runOnlyForDeploymentPostprocessing = 0;
			shellPath = /bin/sh;
			shellScript = "diff \"${PODS_PODFILE_DIR_PATH}/Podfile.lock\" \"${PODS_ROOT}/Manifest.lock\" > /dev/null\nif [ $? != 0 ] ; then\n    # print error to STDERR\n    echo \"error: The sandbox is not in sync with the Podfile.lock. Run 'pod install' or update your CocoaPods installation.\" >&2\n    exit 1\nfi\n# This output is used by Xcode 'outputs' to avoid re-running this script phase.\necho \"SUCCESS\" > \"${SCRIPT_OUTPUT_FILE_0}\"\n";
			showEnvVarsInLog = 0;
		};
		B6870535EA5062A443B5DD9A /* [CP] Embed Pods Frameworks */ = {
			isa = PBXShellScriptBuildPhase;
			buildActionMask = 2147483647;
			files = (
			);
			inputFileListPaths = (
			);
			inputPaths = (
				"${PODS_ROOT}/Target Support Files/Pods-Example/Pods-Example-frameworks.sh",
				"${BUILT_PRODUCTS_DIR}/Differentiator/Differentiator.framework",
				"${BUILT_PRODUCTS_DIR}/ReactiveCocoa/ReactiveCocoa.framework",
				"${BUILT_PRODUCTS_DIR}/ReactiveSwift/ReactiveSwift.framework",
			);
			name = "[CP] Embed Pods Frameworks";
			outputFileListPaths = (
			);
			outputPaths = (
				"${TARGET_BUILD_DIR}/${FRAMEWORKS_FOLDER_PATH}/Differentiator.framework",
				"${TARGET_BUILD_DIR}/${FRAMEWORKS_FOLDER_PATH}/ReactiveCocoa.framework",
				"${TARGET_BUILD_DIR}/${FRAMEWORKS_FOLDER_PATH}/ReactiveSwift.framework",
			);
			runOnlyForDeploymentPostprocessing = 0;
			shellPath = /bin/sh;
			shellScript = "\"${PODS_ROOT}/Target Support Files/Pods-Example/Pods-Example-frameworks.sh\"\n";
			showEnvVarsInLog = 0;
		};
		C82FDC991F3651D0002FA2B6 /* NormalizeCocoapods */ = {
			isa = PBXShellScriptBuildPhase;
			buildActionMask = 2147483647;
			files = (
			);
			inputPaths = (
			);
			name = NormalizeCocoapods;
			outputPaths = (
			);
			runOnlyForDeploymentPostprocessing = 0;
			shellPath = /bin/sh;
			shellScript = "pushd \"${BUILT_PRODUCTS_DIR}\"\necho \"${BUILT_PRODUCTS_DIR}\"\nfunction copy {\n    if [[ -d \"$1/$1.framework\" ]]; then\n    rm -rf $1.framework\n    cp -r $1/$1.framework $1.framework\n    fi\n}\ncopy RxSwift\ncopy RxCocoa\npopd\n";
		};
/* End PBXShellScriptBuildPhase section */

/* Begin PBXSourcesBuildPhase section */
		C81905AA1DEA019100AE679C /* Sources */ = {
			isa = PBXSourcesBuildPhase;
			buildActionMask = 2147483647;
			files = (
			);
			runOnlyForDeploymentPostprocessing = 0;
		};
		C8984C971C36B6FA001E4272 /* Sources */ = {
			isa = PBXSourcesBuildPhase;
			buildActionMask = 2147483647;
			files = (
				A5E035641F0BD55A00EA6BDE /* Example5_UIPickerView.swift in Sources */,
				845F61F71CCFDE6A00A8BE32 /* ImageTitleTableViewCell.swift in Sources */,
				84FC6BEE1CA4830A00D3C605 /* Example3_TableViewEditing.swift in Sources */,
				C8984CA01C36B6FA001E4272 /* Example2_RandomizedSectionsAnimation.swift in Sources */,
				C87DF3461D0219A7006308C5 /* AppDelegate.swift in Sources */,
				845F61F41CCFD96800A8BE32 /* Example4_DifferentSectionAndItemTypes.swift in Sources */,
				845F61FB1CCFDED600A8BE32 /* TitleSteperTableViewCell.swift in Sources */,
				845F61F91CCFDEA800A8BE32 /* TitleSwitchTableViewCell.swift in Sources */,
				65C12B1B233B7C030028D31A /* Randomizer.swift in Sources */,
				65C12B1C233B7C030028D31A /* NumberSection.swift in Sources */,
				845F61FD1CCFF63600A8BE32 /* UIKitExtensions.swift in Sources */,
				C8153A501CC6C2F40050C990 /* Example1_CustomizationUsingTableViewDelegate.swift in Sources */,
			);
			runOnlyForDeploymentPostprocessing = 0;
		};
		C8984CAD1C36B723001E4272 /* Sources */ = {
			isa = PBXSourcesBuildPhase;
			buildActionMask = 2147483647;
			files = (
				C8984CB41C36B723001E4272 /* ExampleUITests.swift in Sources */,
			);
			runOnlyForDeploymentPostprocessing = 0;
		};
/* End PBXSourcesBuildPhase section */

/* Begin PBXTargetDependency section */
		C8984CB71C36B723001E4272 /* PBXTargetDependency */ = {
			isa = PBXTargetDependency;
			target = C8984C9A1C36B6FA001E4272 /* Example */;
			targetProxy = C8984CB61C36B723001E4272 /* PBXContainerItemProxy */;
		};
/* End PBXTargetDependency section */

/* Begin PBXVariantGroup section */
		C8984CA11C36B6FA001E4272 /* Main.storyboard */ = {
			isa = PBXVariantGroup;
			children = (
				C8984CA21C36B6FA001E4272 /* Base */,
			);
			name = Main.storyboard;
			sourceTree = "<group>";
		};
		C8984CA61C36B6FA001E4272 /* LaunchScreen.storyboard */ = {
			isa = PBXVariantGroup;
			children = (
				C8984CA71C36B6FA001E4272 /* Base */,
			);
			name = LaunchScreen.storyboard;
			sourceTree = "<group>";
		};
/* End PBXVariantGroup section */

/* Begin XCBuildConfiguration section */
		C81905B61DEA019100AE679C /* Debug */ = {
			isa = XCBuildConfiguration;
			buildSettings = {
				ALWAYS_EMBED_SWIFT_STANDARD_LIBRARIES = YES;
				CLANG_ANALYZER_NONNULL = YES;
				CLANG_WARN_DOCUMENTATION_COMMENTS = YES;
				CLANG_WARN_SUSPICIOUS_MOVES = YES;
				DEVELOPMENT_TEAM = 783T66X79Y;
				INFOPLIST_FILE = Tests/RxDataSourcesTests/Info.plist;
				IPHONEOS_DEPLOYMENT_TARGET = 9.0;
				LD_RUNPATH_SEARCH_PATHS = "$(inherited) @executable_path/Frameworks @loader_path/Frameworks";
				PRODUCT_BUNDLE_IDENTIFIER = io.rx.Tests;
				PRODUCT_NAME = "$(TARGET_NAME)";
				SWIFT_ACTIVE_COMPILATION_CONDITIONS = DEBUG;
				SWIFT_VERSION = 5.0;
			};
			name = Debug;
		};
		C81905B71DEA019100AE679C /* Release */ = {
			isa = XCBuildConfiguration;
			buildSettings = {
				ALWAYS_EMBED_SWIFT_STANDARD_LIBRARIES = YES;
				CLANG_ANALYZER_NONNULL = YES;
				CLANG_WARN_DOCUMENTATION_COMMENTS = YES;
				CLANG_WARN_SUSPICIOUS_MOVES = YES;
				DEVELOPMENT_TEAM = 783T66X79Y;
				INFOPLIST_FILE = Tests/RxDataSourcesTests/Info.plist;
				IPHONEOS_DEPLOYMENT_TARGET = 9.0;
				LD_RUNPATH_SEARCH_PATHS = "$(inherited) @executable_path/Frameworks @loader_path/Frameworks";
				PRODUCT_BUNDLE_IDENTIFIER = io.rx.Tests;
				PRODUCT_NAME = "$(TARGET_NAME)";
				SWIFT_OPTIMIZATION_LEVEL = "-Owholemodule";
				SWIFT_VERSION = 5.0;
			};
			name = Release;
		};
		C8984C601C36AF35001E4272 /* Debug */ = {
			isa = XCBuildConfiguration;
			buildSettings = {
				ALWAYS_SEARCH_USER_PATHS = NO;
				CLANG_CXX_LANGUAGE_STANDARD = "gnu++0x";
				CLANG_CXX_LIBRARY = "libc++";
				CLANG_ENABLE_MODULES = YES;
				CLANG_ENABLE_OBJC_ARC = YES;
				CLANG_WARN_BLOCK_CAPTURE_AUTORELEASING = YES;
				CLANG_WARN_BOOL_CONVERSION = YES;
				CLANG_WARN_COMMA = YES;
				CLANG_WARN_CONSTANT_CONVERSION = YES;
				CLANG_WARN_DEPRECATED_OBJC_IMPLEMENTATIONS = YES;
				CLANG_WARN_DIRECT_OBJC_ISA_USAGE = YES_ERROR;
				CLANG_WARN_EMPTY_BODY = YES;
				CLANG_WARN_ENUM_CONVERSION = YES;
				CLANG_WARN_INFINITE_RECURSION = YES;
				CLANG_WARN_INT_CONVERSION = YES;
				CLANG_WARN_NON_LITERAL_NULL_CONVERSION = YES;
				CLANG_WARN_OBJC_IMPLICIT_RETAIN_SELF = YES;
				CLANG_WARN_OBJC_LITERAL_CONVERSION = YES;
				CLANG_WARN_OBJC_ROOT_CLASS = YES_ERROR;
				CLANG_WARN_RANGE_LOOP_ANALYSIS = YES;
				CLANG_WARN_STRICT_PROTOTYPES = YES;
				CLANG_WARN_SUSPICIOUS_MOVE = YES;
				CLANG_WARN_UNREACHABLE_CODE = YES;
				CLANG_WARN__DUPLICATE_METHOD_MATCH = YES;
				"CODE_SIGN_IDENTITY[sdk=iphoneos*]" = "iPhone Developer";
				COPY_PHASE_STRIP = NO;
				CURRENT_PROJECT_VERSION = 1;
				DEBUG_INFORMATION_FORMAT = dwarf;
				ENABLE_STRICT_OBJC_MSGSEND = YES;
				ENABLE_TESTABILITY = YES;
				GCC_C_LANGUAGE_STANDARD = gnu99;
				GCC_DYNAMIC_NO_PIC = NO;
				GCC_NO_COMMON_BLOCKS = YES;
				GCC_OPTIMIZATION_LEVEL = 0;
				GCC_PREPROCESSOR_DEFINITIONS = (
					"DEBUG=1",
					"$(inherited)",
				);
				GCC_WARN_64_TO_32_BIT_CONVERSION = YES;
				GCC_WARN_ABOUT_RETURN_TYPE = YES_ERROR;
				GCC_WARN_UNDECLARED_SELECTOR = YES;
				GCC_WARN_UNINITIALIZED_AUTOS = YES_AGGRESSIVE;
				GCC_WARN_UNUSED_FUNCTION = YES;
				GCC_WARN_UNUSED_VARIABLE = YES;
				IPHONEOS_DEPLOYMENT_TARGET = 8.0;
				MACOSX_DEPLOYMENT_TARGET = 10.10;
				MTL_ENABLE_DEBUG_INFO = YES;
				ONLY_ACTIVE_ARCH = YES;
				OTHER_SWIFT_FLAGS = "-D DEBUG";
				SDKROOT = iphoneos;
				SWIFT_OPTIMIZATION_LEVEL = "-Onone";
				SWIFT_VERSION = 4.0;
				TARGETED_DEVICE_FAMILY = "1,2,3,4";
				TVOS_DEPLOYMENT_TARGET = 9.0;
				VERSIONING_SYSTEM = "apple-generic";
				VERSION_INFO_PREFIX = "";
				WATCHOS_DEPLOYMENT_TARGET = 2.0;
			};
			name = Debug;
		};
		C8984C611C36AF35001E4272 /* Release */ = {
			isa = XCBuildConfiguration;
			buildSettings = {
				ALWAYS_SEARCH_USER_PATHS = NO;
				CLANG_CXX_LANGUAGE_STANDARD = "gnu++0x";
				CLANG_CXX_LIBRARY = "libc++";
				CLANG_ENABLE_MODULES = YES;
				CLANG_ENABLE_OBJC_ARC = YES;
				CLANG_WARN_BLOCK_CAPTURE_AUTORELEASING = YES;
				CLANG_WARN_BOOL_CONVERSION = YES;
				CLANG_WARN_COMMA = YES;
				CLANG_WARN_CONSTANT_CONVERSION = YES;
				CLANG_WARN_DEPRECATED_OBJC_IMPLEMENTATIONS = YES;
				CLANG_WARN_DIRECT_OBJC_ISA_USAGE = YES_ERROR;
				CLANG_WARN_EMPTY_BODY = YES;
				CLANG_WARN_ENUM_CONVERSION = YES;
				CLANG_WARN_INFINITE_RECURSION = YES;
				CLANG_WARN_INT_CONVERSION = YES;
				CLANG_WARN_NON_LITERAL_NULL_CONVERSION = YES;
				CLANG_WARN_OBJC_IMPLICIT_RETAIN_SELF = YES;
				CLANG_WARN_OBJC_LITERAL_CONVERSION = YES;
				CLANG_WARN_OBJC_ROOT_CLASS = YES_ERROR;
				CLANG_WARN_RANGE_LOOP_ANALYSIS = YES;
				CLANG_WARN_STRICT_PROTOTYPES = YES;
				CLANG_WARN_SUSPICIOUS_MOVE = YES;
				CLANG_WARN_UNREACHABLE_CODE = YES;
				CLANG_WARN__DUPLICATE_METHOD_MATCH = YES;
				"CODE_SIGN_IDENTITY[sdk=iphoneos*]" = "iPhone Developer";
				COPY_PHASE_STRIP = NO;
				CURRENT_PROJECT_VERSION = 1;
				DEBUG_INFORMATION_FORMAT = "dwarf-with-dsym";
				ENABLE_NS_ASSERTIONS = NO;
				ENABLE_STRICT_OBJC_MSGSEND = YES;
				GCC_C_LANGUAGE_STANDARD = gnu99;
				GCC_NO_COMMON_BLOCKS = YES;
				GCC_WARN_64_TO_32_BIT_CONVERSION = YES;
				GCC_WARN_ABOUT_RETURN_TYPE = YES_ERROR;
				GCC_WARN_UNDECLARED_SELECTOR = YES;
				GCC_WARN_UNINITIALIZED_AUTOS = YES_AGGRESSIVE;
				GCC_WARN_UNUSED_FUNCTION = YES;
				GCC_WARN_UNUSED_VARIABLE = YES;
				IPHONEOS_DEPLOYMENT_TARGET = 8.0;
				MACOSX_DEPLOYMENT_TARGET = 10.10;
				MTL_ENABLE_DEBUG_INFO = NO;
				OTHER_SWIFT_FLAGS = "";
				SDKROOT = iphoneos;
				SWIFT_OPTIMIZATION_LEVEL = "-Owholemodule";
				SWIFT_VERSION = 4.0;
				TARGETED_DEVICE_FAMILY = "1,2,3,4";
				TVOS_DEPLOYMENT_TARGET = 9.0;
				VALIDATE_PRODUCT = YES;
				VERSIONING_SYSTEM = "apple-generic";
				VERSION_INFO_PREFIX = "";
				WATCHOS_DEPLOYMENT_TARGET = 2.0;
			};
			name = Release;
		};
		C8984CAB1C36B6FA001E4272 /* Debug */ = {
			isa = XCBuildConfiguration;
			baseConfigurationReference = 5BCCDE71440E783C91FEA377 /* Pods-Example.debug.xcconfig */;
			buildSettings = {
				ASSETCATALOG_COMPILER_APPICON_NAME = AppIcon;
				FRAMEWORK_SEARCH_PATHS = (
					"$(inherited)",
					"$(PROJECT_DIR)/build/Debug-iphoneos",
					"$(PROJECT_DIR)/Carthage/Build/iOS",
				);
				INFOPLIST_FILE = Example/Info.plist;
				IPHONEOS_DEPLOYMENT_TARGET = 9.0;
				LD_RUNPATH_SEARCH_PATHS = "$(inherited) @executable_path/Frameworks";
				PRODUCT_BUNDLE_IDENTIFIER = kzaher.Example;
				PRODUCT_NAME = "$(TARGET_NAME)";
				SWIFT_VERSION = 5.0;
				TARGETED_DEVICE_FAMILY = "1,2";
			};
			name = Debug;
		};
		C8984CAC1C36B6FA001E4272 /* Release */ = {
			isa = XCBuildConfiguration;
			baseConfigurationReference = 39F27A3FBD964DDE7684DE6F /* Pods-Example.release.xcconfig */;
			buildSettings = {
				ASSETCATALOG_COMPILER_APPICON_NAME = AppIcon;
				FRAMEWORK_SEARCH_PATHS = (
					"$(inherited)",
					"$(PROJECT_DIR)/build/Debug-iphoneos",
					"$(PROJECT_DIR)/Carthage/Build/iOS",
				);
				INFOPLIST_FILE = Example/Info.plist;
				IPHONEOS_DEPLOYMENT_TARGET = 9.0;
				LD_RUNPATH_SEARCH_PATHS = "$(inherited) @executable_path/Frameworks";
				PRODUCT_BUNDLE_IDENTIFIER = kzaher.Example;
				PRODUCT_NAME = "$(TARGET_NAME)";
				SWIFT_OPTIMIZATION_LEVEL = "-Owholemodule";
				SWIFT_VERSION = 5.0;
				TARGETED_DEVICE_FAMILY = "1,2";
			};
			name = Release;
		};
		C8984CB91C36B723001E4272 /* Debug */ = {
			isa = XCBuildConfiguration;
			baseConfigurationReference = C326C806B722B22C3FF930F6 /* Pods-ExampleUITests.debug.xcconfig */;
			buildSettings = {
				INFOPLIST_FILE = ExampleUITests/Info.plist;
				IPHONEOS_DEPLOYMENT_TARGET = 9.0;
				LD_RUNPATH_SEARCH_PATHS = "$(inherited) @executable_path/Frameworks @loader_path/Frameworks";
				PRODUCT_BUNDLE_IDENTIFIER = kzaher.ExampleUITests;
				PRODUCT_NAME = "$(TARGET_NAME)";
				SWIFT_VERSION = 5.0;
				TEST_TARGET_NAME = Example;
				USES_XCTRUNNER = YES;
			};
			name = Debug;
		};
		C8984CBA1C36B723001E4272 /* Release */ = {
			isa = XCBuildConfiguration;
			baseConfigurationReference = 099F0039764098732C7696AD /* Pods-ExampleUITests.release.xcconfig */;
			buildSettings = {
				INFOPLIST_FILE = ExampleUITests/Info.plist;
				IPHONEOS_DEPLOYMENT_TARGET = 9.0;
				LD_RUNPATH_SEARCH_PATHS = "$(inherited) @executable_path/Frameworks @loader_path/Frameworks";
				PRODUCT_BUNDLE_IDENTIFIER = kzaher.ExampleUITests;
				PRODUCT_NAME = "$(TARGET_NAME)";
				SWIFT_OPTIMIZATION_LEVEL = "-Owholemodule";
				SWIFT_VERSION = 5.0;
				TEST_TARGET_NAME = Example;
				USES_XCTRUNNER = YES;
			};
			name = Release;
		};
/* End XCBuildConfiguration section */

/* Begin XCConfigurationList section */
		C81905B81DEA019100AE679C /* Build configuration list for PBXNativeTarget "Tests" */ = {
			isa = XCConfigurationList;
			buildConfigurations = (
				C81905B61DEA019100AE679C /* Debug */,
				C81905B71DEA019100AE679C /* Release */,
			);
			defaultConfigurationIsVisible = 0;
			defaultConfigurationName = Release;
		};
		C8984C541C36AF35001E4272 /* Build configuration list for PBXProject "Example" */ = {
			isa = XCConfigurationList;
			buildConfigurations = (
				C8984C601C36AF35001E4272 /* Debug */,
				C8984C611C36AF35001E4272 /* Release */,
			);
			defaultConfigurationIsVisible = 0;
			defaultConfigurationName = Release;
		};
		C8984CAA1C36B6FA001E4272 /* Build configuration list for PBXNativeTarget "Example" */ = {
			isa = XCConfigurationList;
			buildConfigurations = (
				C8984CAB1C36B6FA001E4272 /* Debug */,
				C8984CAC1C36B6FA001E4272 /* Release */,
			);
			defaultConfigurationIsVisible = 0;
			defaultConfigurationName = Release;
		};
		C8984CB81C36B723001E4272 /* Build configuration list for PBXNativeTarget "ExampleUITests" */ = {
			isa = XCConfigurationList;
			buildConfigurations = (
				C8984CB91C36B723001E4272 /* Debug */,
				C8984CBA1C36B723001E4272 /* Release */,
			);
			defaultConfigurationIsVisible = 0;
			defaultConfigurationName = Release;
		};
/* End XCConfigurationList section */
	};
	rootObject = C8984C511C36AF35001E4272 /* Project object */;
}
