PODS:
  - Differentiator (4.0.1)
  - ReactiveCocoa (10.0.0):
    - ReactiveSwift (~> 6.0)
  - ReactiveDataSources (1.0.0):
    - Differentiator (~> 4.0)
    - ReactiveCocoa (~> 10.0)
  - ReactiveSwift (6.0.0)

DEPENDENCIES:
  - ReactiveDataSources (from `https://github.com/Omn1/ReactiveDataSources.git`)

SPEC REPOS:
  https://github.com/cocoapods/specs.git:
    - Differentiator
    - ReactiveCocoa
    - ReactiveSwift

EXTERNAL SOURCES:
  ReactiveDataSources:
    :git: https://github.com/Omn1/ReactiveDataSources.git

CHECKOUT OPTIONS:
  ReactiveDataSources:
    :commit: 7aa2bcf8922f1a2388f19c3ac43eb1e05c1cd33c
    :git: https://github.com/Omn1/ReactiveDataSources.git

SPEC CHECKSUMS:
  Differentiator: 886080237d9f87f322641dedbc5be257061b0602
  ReactiveCocoa: 6d4c37ba236f5d9a7a55b2172cd09f19ba85f574
  ReactiveDataSources: 238bfee37e4a6c2728ba3fc346958612426c4a54
  ReactiveSwift: 24b7ed245617bbfd30ee0c87779b6c64ac1b4518

PODFILE CHECKSUM: df884c9808a9cad5706c9d78fa1d45a50bd2d5f6

COCOAPODS: 1.6.2
