// !$*UTF8*$!
{
	archiveVersion = 1;
	classes = {
	};
	objectVersion = 50;
	objects = {

/* Begin PBXBuildFile section */
		374455DB820FAD976512377D /* libPods-ReactiveDataSources.a in Frameworks */ = {isa = PBXBuildFile; fileRef = A32EA66CFF9D7BD0351DD70B /* libPods-ReactiveDataSources.a */; };
		65BCA0B0233A593D00C1CBC8 /* ReactiveDataSources.framework in Frameworks */ = {isa = PBXBuildFile; fileRef = 65BCA0A6233A593C00C1CBC8 /* ReactiveDataSources.framework */; };
		65BCA0B5233A593D00C1CBC8 /* ReactiveDataSourcesTests.swift in Sources */ = {isa = PBXBuildFile; fileRef = 65BCA0B4233A593D00C1CBC8 /* ReactiveDataSourcesTests.swift */; };
		65BCA0B7233A593D00C1CBC8 /* ReactiveDataSources.h in Headers */ = {isa = PBXBuildFile; fileRef = 65BCA0A9233A593C00C1CBC8 /* ReactiveDataSources.h */; settings = {ATTRIBUTES = (Public, ); }; };
		65CEE211233A5C8D00E446E7 /* ReactiveTableViewSectionedAnimatedDataSource.swift in Sources */ = {isa = PBXBuildFile; fileRef = 65CEE200233A5C8C00E446E7 /* ReactiveTableViewSectionedAnimatedDataSource.swift */; };
		65CEE212233A5C8D00E446E7 /* ReactiveCollectionViewSectionedReloadDataSource.swift in Sources */ = {isa = PBXBuildFile; fileRef = 65CEE201233A5C8C00E446E7 /* ReactiveCollectionViewSectionedReloadDataSource.swift */; };
		65CEE213233A5C8D00E446E7 /* FloatingPointType+IdentifiableType.swift in Sources */ = {isa = PBXBuildFile; fileRef = 65CEE202233A5C8C00E446E7 /* FloatingPointType+IdentifiableType.swift */; };
		65CEE214233A5C8D00E446E7 /* Array+Extensions.swift in Sources */ = {isa = PBXBuildFile; fileRef = 65CEE203233A5C8C00E446E7 /* Array+Extensions.swift */; };
		65CEE215233A5C8D00E446E7 /* Deprecated.swift in Sources */ = {isa = PBXBuildFile; fileRef = 65CEE204233A5C8C00E446E7 /* Deprecated.swift */; };
		65CEE216233A5C8D00E446E7 /* AnimationConfiguration.swift in Sources */ = {isa = PBXBuildFile; fileRef = 65CEE205233A5C8C00E446E7 /* AnimationConfiguration.swift */; };
		65CEE217233A5C8D00E446E7 /* String+IdentifiableType.swift in Sources */ = {isa = PBXBuildFile; fileRef = 65CEE206233A5C8C00E446E7 /* String+IdentifiableType.swift */; };
		65CEE219233A5C8D00E446E7 /* CollectionViewSectionedDataSource.swift in Sources */ = {isa = PBXBuildFile; fileRef = 65CEE208233A5C8C00E446E7 /* CollectionViewSectionedDataSource.swift */; };
		65CEE21A233A5C8D00E446E7 /* UI+SectionedViewType.swift in Sources */ = {isa = PBXBuildFile; fileRef = 65CEE209233A5C8C00E446E7 /* UI+SectionedViewType.swift */; };
		65CEE21B233A5C8D00E446E7 /* ReactiveCollectionViewSectionedAnimatedDataSource.swift in Sources */ = {isa = PBXBuildFile; fileRef = 65CEE20A233A5C8C00E446E7 /* ReactiveCollectionViewSectionedAnimatedDataSource.swift */; };
		65CEE21E233A5C8D00E446E7 /* ReactiveTableViewSectionedReloadDataSource.swift in Sources */ = {isa = PBXBuildFile; fileRef = 65CEE20D233A5C8C00E446E7 /* ReactiveTableViewSectionedReloadDataSource.swift */; };
		65CEE21F233A5C8D00E446E7 /* IntegerType+IdentifiableType.swift in Sources */ = {isa = PBXBuildFile; fileRef = 65CEE20E233A5C8C00E446E7 /* IntegerType+IdentifiableType.swift */; };
		65CEE220233A5C8D00E446E7 /* TableViewSectionedDataSource.swift in Sources */ = {isa = PBXBuildFile; fileRef = 65CEE20F233A5C8C00E446E7 /* TableViewSectionedDataSource.swift */; };
		65CEE221233A5C8D00E446E7 /* ViewTransition.swift in Sources */ = {isa = PBXBuildFile; fileRef = 65CEE210233A5C8D00E446E7 /* ViewTransition.swift */; };
		65CEE22B233A5C9500E446E7 /* ChangeSet+TestExtensions.swift in Sources */ = {isa = PBXBuildFile; fileRef = 65CEE222233A5C9500E446E7 /* ChangeSet+TestExtensions.swift */; };
		65CEE22C233A5C9500E446E7 /* RxCollectionViewSectionedDataSource+Test.swift in Sources */ = {isa = PBXBuildFile; fileRef = 65CEE223233A5C9500E446E7 /* RxCollectionViewSectionedDataSource+Test.swift */; };
		65CEE22D233A5C9500E446E7 /* AlgorithmTests.swift in Sources */ = {isa = PBXBuildFile; fileRef = 65CEE224233A5C9500E446E7 /* AlgorithmTests.swift */; };
		65CEE22E233A5C9500E446E7 /* Array+Extensions.swift in Sources */ = {isa = PBXBuildFile; fileRef = 65CEE225233A5C9500E446E7 /* Array+Extensions.swift */; };
		65CEE22F233A5C9500E446E7 /* i.swift in Sources */ = {isa = PBXBuildFile; fileRef = 65CEE226233A5C9500E446E7 /* i.swift */; };
		65CEE230233A5C9500E446E7 /* s.swift in Sources */ = {isa = PBXBuildFile; fileRef = 65CEE227233A5C9500E446E7 /* s.swift */; };
		65CEE231233A5C9500E446E7 /* XCTest+Extensions.swift in Sources */ = {isa = PBXBuildFile; fileRef = 65CEE228233A5C9500E446E7 /* XCTest+Extensions.swift */; };
		65CEE232233A5C9500E446E7 /* Randomizer.swift in Sources */ = {isa = PBXBuildFile; fileRef = 65CEE229233A5C9500E446E7 /* Randomizer.swift */; };
		65CEE233233A5C9500E446E7 /* NumberSection.swift in Sources */ = {isa = PBXBuildFile; fileRef = 65CEE22A233A5C9500E446E7 /* NumberSection.swift */; };
		65CEE237233A60A900E446E7 /* SectionedViewDataSourceType.swift in Sources */ = {isa = PBXBuildFile; fileRef = 65CEE236233A60A800E446E7 /* SectionedViewDataSourceType.swift */; };
		65CEE239233A66BA00E446E7 /* ReactiveTableViewDataSourceType.swift in Sources */ = {isa = PBXBuildFile; fileRef = 65CEE238233A66BA00E446E7 /* ReactiveTableViewDataSourceType.swift */; };
		65CEE23B233A750F00E446E7 /* ReactiveCollectionViewDataSourceType.swift in Sources */ = {isa = PBXBuildFile; fileRef = 65CEE23A233A750F00E446E7 /* ReactiveCollectionViewDataSourceType.swift */; };
		65CEE23D233A7BB700E446E7 /* DataSources.swift in Sources */ = {isa = PBXBuildFile; fileRef = 65CEE23C233A7BB700E446E7 /* DataSources.swift */; };
		ED19DDBAB20DFEC3CACB003A /* libPods-ReactiveDataSourcesTests.a in Frameworks */ = {isa = PBXBuildFile; fileRef = D4913FAFDC3ED6936CDD63CF /* libPods-ReactiveDataSourcesTests.a */; };
/* End PBXBuildFile section */

/* Begin PBXContainerItemProxy section */
		65BCA0B1233A593D00C1CBC8 /* PBXContainerItemProxy */ = {
			isa = PBXContainerItemProxy;
			containerPortal = 65BCA09D233A593C00C1CBC8 /* Project object */;
			proxyType = 1;
			remoteGlobalIDString = 65BCA0A5233A593C00C1CBC8;
			remoteInfo = ReactiveDataSources;
		};
/* End PBXContainerItemProxy section */

/* Begin PBXFileReference section */
		4CAFD550037521E28DAFF412 /* Pods-ReactiveDataSources.debug.xcconfig */ = {isa = PBXFileReference; includeInIndex = 1; lastKnownFileType = text.xcconfig; name = "Pods-ReactiveDataSources.debug.xcconfig"; path = "Target Support Files/Pods-ReactiveDataSources/Pods-ReactiveDataSources.debug.xcconfig"; sourceTree = "<group>"; };
		65BCA0A6233A593C00C1CBC8 /* ReactiveDataSources.framework */ = {isa = PBXFileReference; explicitFileType = wrapper.framework; includeInIndex = 0; path = ReactiveDataSources.framework; sourceTree = BUILT_PRODUCTS_DIR; };
		65BCA0A9233A593C00C1CBC8 /* ReactiveDataSources.h */ = {isa = PBXFileReference; lastKnownFileType = sourcecode.c.h; path = ReactiveDataSources.h; sourceTree = "<group>"; };
		65BCA0AA233A593C00C1CBC8 /* Info.plist */ = {isa = PBXFileReference; lastKnownFileType = text.plist.xml; path = Info.plist; sourceTree = "<group>"; };
		65BCA0AF233A593D00C1CBC8 /* ReactiveDataSourcesTests.xctest */ = {isa = PBXFileReference; explicitFileType = wrapper.cfbundle; includeInIndex = 0; path = ReactiveDataSourcesTests.xctest; sourceTree = BUILT_PRODUCTS_DIR; };
		65BCA0B4233A593D00C1CBC8 /* ReactiveDataSourcesTests.swift */ = {isa = PBXFileReference; lastKnownFileType = sourcecode.swift; path = ReactiveDataSourcesTests.swift; sourceTree = "<group>"; };
		65BCA0B6233A593D00C1CBC8 /* Info.plist */ = {isa = PBXFileReference; lastKnownFileType = text.plist.xml; path = Info.plist; sourceTree = "<group>"; };
		65CEE200233A5C8C00E446E7 /* ReactiveTableViewSectionedAnimatedDataSource.swift */ = {isa = PBXFileReference; fileEncoding = 4; lastKnownFileType = sourcecode.swift; path = ReactiveTableViewSectionedAnimatedDataSource.swift; sourceTree = "<group>"; };
		65CEE201233A5C8C00E446E7 /* ReactiveCollectionViewSectionedReloadDataSource.swift */ = {isa = PBXFileReference; fileEncoding = 4; lastKnownFileType = sourcecode.swift; path = ReactiveCollectionViewSectionedReloadDataSource.swift; sourceTree = "<group>"; };
		65CEE202233A5C8C00E446E7 /* FloatingPointType+IdentifiableType.swift */ = {isa = PBXFileReference; fileEncoding = 4; lastKnownFileType = sourcecode.swift; path = "FloatingPointType+IdentifiableType.swift"; sourceTree = "<group>"; };
		65CEE203233A5C8C00E446E7 /* Array+Extensions.swift */ = {isa = PBXFileReference; fileEncoding = 4; lastKnownFileType = sourcecode.swift; path = "Array+Extensions.swift"; sourceTree = "<group>"; };
		65CEE204233A5C8C00E446E7 /* Deprecated.swift */ = {isa = PBXFileReference; fileEncoding = 4; lastKnownFileType = sourcecode.swift; path = Deprecated.swift; sourceTree = "<group>"; };
		65CEE205233A5C8C00E446E7 /* AnimationConfiguration.swift */ = {isa = PBXFileReference; fileEncoding = 4; lastKnownFileType = sourcecode.swift; path = AnimationConfiguration.swift; sourceTree = "<group>"; };
		65CEE206233A5C8C00E446E7 /* String+IdentifiableType.swift */ = {isa = PBXFileReference; fileEncoding = 4; lastKnownFileType = sourcecode.swift; path = "String+IdentifiableType.swift"; sourceTree = "<group>"; };
		65CEE208233A5C8C00E446E7 /* CollectionViewSectionedDataSource.swift */ = {isa = PBXFileReference; fileEncoding = 4; lastKnownFileType = sourcecode.swift; path = CollectionViewSectionedDataSource.swift; sourceTree = "<group>"; };
		65CEE209233A5C8C00E446E7 /* UI+SectionedViewType.swift */ = {isa = PBXFileReference; fileEncoding = 4; lastKnownFileType = sourcecode.swift; path = "UI+SectionedViewType.swift"; sourceTree = "<group>"; };
		65CEE20A233A5C8C00E446E7 /* ReactiveCollectionViewSectionedAnimatedDataSource.swift */ = {isa = PBXFileReference; fileEncoding = 4; lastKnownFileType = sourcecode.swift; path = ReactiveCollectionViewSectionedAnimatedDataSource.swift; sourceTree = "<group>"; };
		65CEE20D233A5C8C00E446E7 /* ReactiveTableViewSectionedReloadDataSource.swift */ = {isa = PBXFileReference; fileEncoding = 4; lastKnownFileType = sourcecode.swift; path = ReactiveTableViewSectionedReloadDataSource.swift; sourceTree = "<group>"; };
		65CEE20E233A5C8C00E446E7 /* IntegerType+IdentifiableType.swift */ = {isa = PBXFileReference; fileEncoding = 4; lastKnownFileType = sourcecode.swift; path = "IntegerType+IdentifiableType.swift"; sourceTree = "<group>"; };
		65CEE20F233A5C8C00E446E7 /* TableViewSectionedDataSource.swift */ = {isa = PBXFileReference; fileEncoding = 4; lastKnownFileType = sourcecode.swift; path = TableViewSectionedDataSource.swift; sourceTree = "<group>"; };
		65CEE210233A5C8D00E446E7 /* ViewTransition.swift */ = {isa = PBXFileReference; fileEncoding = 4; lastKnownFileType = sourcecode.swift; path = ViewTransition.swift; sourceTree = "<group>"; };
		65CEE222233A5C9500E446E7 /* ChangeSet+TestExtensions.swift */ = {isa = PBXFileReference; fileEncoding = 4; lastKnownFileType = sourcecode.swift; path = "ChangeSet+TestExtensions.swift"; sourceTree = "<group>"; };
		65CEE223233A5C9500E446E7 /* RxCollectionViewSectionedDataSource+Test.swift */ = {isa = PBXFileReference; fileEncoding = 4; lastKnownFileType = sourcecode.swift; path = "RxCollectionViewSectionedDataSource+Test.swift"; sourceTree = "<group>"; };
		65CEE224233A5C9500E446E7 /* AlgorithmTests.swift */ = {isa = PBXFileReference; fileEncoding = 4; lastKnownFileType = sourcecode.swift; path = AlgorithmTests.swift; sourceTree = "<group>"; };
		65CEE225233A5C9500E446E7 /* Array+Extensions.swift */ = {isa = PBXFileReference; fileEncoding = 4; lastKnownFileType = sourcecode.swift; path = "Array+Extensions.swift"; sourceTree = "<group>"; };
		65CEE226233A5C9500E446E7 /* i.swift */ = {isa = PBXFileReference; fileEncoding = 4; lastKnownFileType = sourcecode.swift; path = i.swift; sourceTree = "<group>"; };
		65CEE227233A5C9500E446E7 /* s.swift */ = {isa = PBXFileReference; fileEncoding = 4; lastKnownFileType = sourcecode.swift; path = s.swift; sourceTree = "<group>"; };
		65CEE228233A5C9500E446E7 /* XCTest+Extensions.swift */ = {isa = PBXFileReference; fileEncoding = 4; lastKnownFileType = sourcecode.swift; path = "XCTest+Extensions.swift"; sourceTree = "<group>"; };
		65CEE229233A5C9500E446E7 /* Randomizer.swift */ = {isa = PBXFileReference; fileEncoding = 4; lastKnownFileType = sourcecode.swift; path = Randomizer.swift; sourceTree = "<group>"; };
		65CEE22A233A5C9500E446E7 /* NumberSection.swift */ = {isa = PBXFileReference; fileEncoding = 4; lastKnownFileType = sourcecode.swift; path = NumberSection.swift; sourceTree = "<group>"; };
		65CEE236233A60A800E446E7 /* SectionedViewDataSourceType.swift */ = {isa = PBXFileReference; fileEncoding = 4; lastKnownFileType = sourcecode.swift; path = SectionedViewDataSourceType.swift; sourceTree = "<group>"; };
		65CEE238233A66BA00E446E7 /* ReactiveTableViewDataSourceType.swift */ = {isa = PBXFileReference; lastKnownFileType = sourcecode.swift; path = ReactiveTableViewDataSourceType.swift; sourceTree = "<group>"; };
		65CEE23A233A750F00E446E7 /* ReactiveCollectionViewDataSourceType.swift */ = {isa = PBXFileReference; lastKnownFileType = sourcecode.swift; path = ReactiveCollectionViewDataSourceType.swift; sourceTree = "<group>"; };
		65CEE23C233A7BB700E446E7 /* DataSources.swift */ = {isa = PBXFileReference; fileEncoding = 4; lastKnownFileType = sourcecode.swift; path = DataSources.swift; sourceTree = "<group>"; };
		A32EA66CFF9D7BD0351DD70B /* libPods-ReactiveDataSources.a */ = {isa = PBXFileReference; explicitFileType = archive.ar; includeInIndex = 0; path = "libPods-ReactiveDataSources.a"; sourceTree = BUILT_PRODUCTS_DIR; };
		C0899D38DB72C3391790E273 /* Pods-ReactiveDataSources.release.xcconfig */ = {isa = PBXFileReference; includeInIndex = 1; lastKnownFileType = text.xcconfig; name = "Pods-ReactiveDataSources.release.xcconfig"; path = "Target Support Files/Pods-ReactiveDataSources/Pods-ReactiveDataSources.release.xcconfig"; sourceTree = "<group>"; };
		D4626BA2007CAD5B39E6DD22 /* Pods-ReactiveDataSourcesTests.debug.xcconfig */ = {isa = PBXFileReference; includeInIndex = 1; lastKnownFileType = text.xcconfig; name = "Pods-ReactiveDataSourcesTests.debug.xcconfig"; path = "Target Support Files/Pods-ReactiveDataSourcesTests/Pods-ReactiveDataSourcesTests.debug.xcconfig"; sourceTree = "<group>"; };
		D4913FAFDC3ED6936CDD63CF /* libPods-ReactiveDataSourcesTests.a */ = {isa = PBXFileReference; explicitFileType = archive.ar; includeInIndex = 0; path = "libPods-ReactiveDataSourcesTests.a"; sourceTree = BUILT_PRODUCTS_DIR; };
		F715FCFEE972001B79BFED53 /* Pods-ReactiveDataSourcesTests.release.xcconfig */ = {isa = PBXFileReference; includeInIndex = 1; lastKnownFileType = text.xcconfig; name = "Pods-ReactiveDataSourcesTests.release.xcconfig"; path = "Target Support Files/Pods-ReactiveDataSourcesTests/Pods-ReactiveDataSourcesTests.release.xcconfig"; sourceTree = "<group>"; };
/* End PBXFileReference section */

/* Begin PBXFrameworksBuildPhase section */
		65BCA0A3233A593C00C1CBC8 /* Frameworks */ = {
			isa = PBXFrameworksBuildPhase;
			buildActionMask = 2147483647;
			files = (
				374455DB820FAD976512377D /* libPods-ReactiveDataSources.a in Frameworks */,
			);
			runOnlyForDeploymentPostprocessing = 0;
		};
		65BCA0AC233A593D00C1CBC8 /* Frameworks */ = {
			isa = PBXFrameworksBuildPhase;
			buildActionMask = 2147483647;
			files = (
				65BCA0B0233A593D00C1CBC8 /* ReactiveDataSources.framework in Frameworks */,
				ED19DDBAB20DFEC3CACB003A /* libPods-ReactiveDataSourcesTests.a in Frameworks */,
			);
			runOnlyForDeploymentPostprocessing = 0;
		};
/* End PBXFrameworksBuildPhase section */

/* Begin PBXGroup section */
		2EAA90F8011882E936D93586 /* Pods */ = {
			isa = PBXGroup;
			children = (
				4CAFD550037521E28DAFF412 /* Pods-ReactiveDataSources.debug.xcconfig */,
				C0899D38DB72C3391790E273 /* Pods-ReactiveDataSources.release.xcconfig */,
				D4626BA2007CAD5B39E6DD22 /* Pods-ReactiveDataSourcesTests.debug.xcconfig */,
				F715FCFEE972001B79BFED53 /* Pods-ReactiveDataSourcesTests.release.xcconfig */,
			);
			path = Pods;
			sourceTree = "<group>";
		};
		65BCA09C233A593C00C1CBC8 = {
			isa = PBXGroup;
			children = (
				65BCA0A8233A593C00C1CBC8 /* ReactiveDataSources */,
				65BCA0B3233A593D00C1CBC8 /* ReactiveDataSourcesTests */,
				65BCA0A7233A593C00C1CBC8 /* Products */,
				2EAA90F8011882E936D93586 /* Pods */,
				B297C467DC86751253D7DBE5 /* Frameworks */,
			);
			sourceTree = "<group>";
		};
		65BCA0A7233A593C00C1CBC8 /* Products */ = {
			isa = PBXGroup;
			children = (
				65BCA0A6233A593C00C1CBC8 /* ReactiveDataSources.framework */,
				65BCA0AF233A593D00C1CBC8 /* ReactiveDataSourcesTests.xctest */,
			);
			name = Products;
			sourceTree = "<group>";
		};
		65BCA0A8233A593C00C1CBC8 /* ReactiveDataSources */ = {
			isa = PBXGroup;
			children = (
				65CEE23C233A7BB700E446E7 /* DataSources.swift */,
				65CEE236233A60A800E446E7 /* SectionedViewDataSourceType.swift */,
				65CEE205233A5C8C00E446E7 /* AnimationConfiguration.swift */,
				65CEE203233A5C8C00E446E7 /* Array+Extensions.swift */,
				65CEE208233A5C8C00E446E7 /* CollectionViewSectionedDataSource.swift */,
				65CEE204233A5C8C00E446E7 /* Deprecated.swift */,
				65CEE202233A5C8C00E446E7 /* FloatingPointType+IdentifiableType.swift */,
				65CEE20E233A5C8C00E446E7 /* IntegerType+IdentifiableType.swift */,
				65CEE20A233A5C8C00E446E7 /* ReactiveCollectionViewSectionedAnimatedDataSource.swift */,
				65CEE201233A5C8C00E446E7 /* ReactiveCollectionViewSectionedReloadDataSource.swift */,
				65CEE200233A5C8C00E446E7 /* ReactiveTableViewSectionedAnimatedDataSource.swift */,
				65CEE20D233A5C8C00E446E7 /* ReactiveTableViewSectionedReloadDataSource.swift */,
				65CEE206233A5C8C00E446E7 /* String+IdentifiableType.swift */,
				65CEE20F233A5C8C00E446E7 /* TableViewSectionedDataSource.swift */,
				65CEE209233A5C8C00E446E7 /* UI+SectionedViewType.swift */,
				65CEE210233A5C8D00E446E7 /* ViewTransition.swift */,
				65BCA0A9233A593C00C1CBC8 /* ReactiveDataSources.h */,
				65BCA0AA233A593C00C1CBC8 /* Info.plist */,
				65CEE238233A66BA00E446E7 /* ReactiveTableViewDataSourceType.swift */,
				65CEE23A233A750F00E446E7 /* ReactiveCollectionViewDataSourceType.swift */,
			);
			path = ReactiveDataSources;
			sourceTree = "<group>";
		};
		65BCA0B3233A593D00C1CBC8 /* ReactiveDataSourcesTests */ = {
			isa = PBXGroup;
			children = (
				65CEE224233A5C9500E446E7 /* AlgorithmTests.swift */,
				65CEE225233A5C9500E446E7 /* Array+Extensions.swift */,
				65CEE222233A5C9500E446E7 /* ChangeSet+TestExtensions.swift */,
				65CEE226233A5C9500E446E7 /* i.swift */,
				65CEE22A233A5C9500E446E7 /* NumberSection.swift */,
				65CEE229233A5C9500E446E7 /* Randomizer.swift */,
				65CEE223233A5C9500E446E7 /* RxCollectionViewSectionedDataSource+Test.swift */,
				65CEE227233A5C9500E446E7 /* s.swift */,
				65CEE228233A5C9500E446E7 /* XCTest+Extensions.swift */,
				65BCA0B4233A593D00C1CBC8 /* ReactiveDataSourcesTests.swift */,
				65BCA0B6233A593D00C1CBC8 /* Info.plist */,
			);
			path = ReactiveDataSourcesTests;
			sourceTree = "<group>";
		};
		B297C467DC86751253D7DBE5 /* Frameworks */ = {
			isa = PBXGroup;
			children = (
				A32EA66CFF9D7BD0351DD70B /* libPods-ReactiveDataSources.a */,
				D4913FAFDC3ED6936CDD63CF /* libPods-ReactiveDataSourcesTests.a */,
			);
			name = Frameworks;
			sourceTree = "<group>";
		};
/* End PBXGroup section */

/* Begin PBXHeadersBuildPhase section */
		65BCA0A1233A593C00C1CBC8 /* Headers */ = {
			isa = PBXHeadersBuildPhase;
			buildActionMask = 2147483647;
			files = (
				65BCA0B7233A593D00C1CBC8 /* ReactiveDataSources.h in Headers */,
			);
			runOnlyForDeploymentPostprocessing = 0;
		};
/* End PBXHeadersBuildPhase section */

/* Begin PBXNativeTarget section */
		65BCA0A5233A593C00C1CBC8 /* ReactiveDataSources */ = {
			isa = PBXNativeTarget;
			buildConfigurationList = 65BCA0BA233A593D00C1CBC8 /* Build configuration list for PBXNativeTarget "ReactiveDataSources" */;
			buildPhases = (
				D440D96781D7D07A432B4F25 /* [CP] Check Pods Manifest.lock */,
				65BCA0A1233A593C00C1CBC8 /* Headers */,
				65BCA0A2233A593C00C1CBC8 /* Sources */,
				65BCA0A3233A593C00C1CBC8 /* Frameworks */,
				65BCA0A4233A593C00C1CBC8 /* Resources */,
			);
			buildRules = (
			);
			dependencies = (
			);
			name = ReactiveDataSources;
			productName = ReactiveDataSources;
			productReference = 65BCA0A6233A593C00C1CBC8 /* ReactiveDataSources.framework */;
			productType = "com.apple.product-type.framework";
		};
		65BCA0AE233A593D00C1CBC8 /* ReactiveDataSourcesTests */ = {
			isa = PBXNativeTarget;
			buildConfigurationList = 65BCA0BD233A593D00C1CBC8 /* Build configuration list for PBXNativeTarget "ReactiveDataSourcesTests" */;
			buildPhases = (
				A749BAC02F1CBE26771DE86C /* [CP] Check Pods Manifest.lock */,
				65BCA0AB233A593D00C1CBC8 /* Sources */,
				65BCA0AC233A593D00C1CBC8 /* Frameworks */,
				65BCA0AD233A593D00C1CBC8 /* Resources */,
			);
			buildRules = (
			);
			dependencies = (
				65BCA0B2233A593D00C1CBC8 /* PBXTargetDependency */,
			);
			name = ReactiveDataSourcesTests;
			productName = ReactiveDataSourcesTests;
			productReference = 65BCA0AF233A593D00C1CBC8 /* ReactiveDataSourcesTests.xctest */;
			productType = "com.apple.product-type.bundle.unit-test";
		};
/* End PBXNativeTarget section */

/* Begin PBXProject section */
		65BCA09D233A593C00C1CBC8 /* Project object */ = {
			isa = PBXProject;
			attributes = {
				LastSwiftUpdateCheck = 1100;
				LastUpgradeCheck = 1100;
				ORGANIZATIONNAME = Cruxlab;
				TargetAttributes = {
					65BCA0A5233A593C00C1CBC8 = {
						CreatedOnToolsVersion = 11.0;
						LastSwiftMigration = 1100;
					};
					65BCA0AE233A593D00C1CBC8 = {
						CreatedOnToolsVersion = 11.0;
					};
				};
			};
			buildConfigurationList = 65BCA0A0233A593C00C1CBC8 /* Build configuration list for PBXProject "ReactiveDataSources" */;
			compatibilityVersion = "Xcode 9.3";
			developmentRegion = en;
			hasScannedForEncodings = 0;
			knownRegions = (
				en,
				Base,
			);
			mainGroup = 65BCA09C233A593C00C1CBC8;
			productRefGroup = 65BCA0A7233A593C00C1CBC8 /* Products */;
			projectDirPath = "";
			projectRoot = "";
			targets = (
				65BCA0A5233A593C00C1CBC8 /* ReactiveDataSources */,
				65BCA0AE233A593D00C1CBC8 /* ReactiveDataSourcesTests */,
			);
		};
/* End PBXProject section */

/* Begin PBXResourcesBuildPhase section */
		65BCA0A4233A593C00C1CBC8 /* Resources */ = {
			isa = PBXResourcesBuildPhase;
			buildActionMask = 2147483647;
			files = (
			);
			runOnlyForDeploymentPostprocessing = 0;
		};
		65BCA0AD233A593D00C1CBC8 /* Resources */ = {
			isa = PBXResourcesBuildPhase;
			buildActionMask = 2147483647;
			files = (
			);
			runOnlyForDeploymentPostprocessing = 0;
		};
/* End PBXResourcesBuildPhase section */

/* Begin PBXShellScriptBuildPhase section */
		A749BAC02F1CBE26771DE86C /* [CP] Check Pods Manifest.lock */ = {
			isa = PBXShellScriptBuildPhase;
			buildActionMask = 2147483647;
			files = (
			);
			inputFileListPaths = (
			);
			inputPaths = (
				"${PODS_PODFILE_DIR_PATH}/Podfile.lock",
				"${PODS_ROOT}/Manifest.lock",
			);
			name = "[CP] Check Pods Manifest.lock";
			outputFileListPaths = (
			);
			outputPaths = (
				"$(DERIVED_FILE_DIR)/Pods-ReactiveDataSourcesTests-checkManifestLockResult.txt",
			);
			runOnlyForDeploymentPostprocessing = 0;
			shellPath = /bin/sh;
			shellScript = "diff \"${PODS_PODFILE_DIR_PATH}/Podfile.lock\" \"${PODS_ROOT}/Manifest.lock\" > /dev/null\nif [ $? != 0 ] ; then\n    # print error to STDERR\n    echo \"error: The sandbox is not in sync with the Podfile.lock. Run 'pod install' or update your CocoaPods installation.\" >&2\n    exit 1\nfi\n# This output is used by Xcode 'outputs' to avoid re-running this script phase.\necho \"SUCCESS\" > \"${SCRIPT_OUTPUT_FILE_0}\"\n";
			showEnvVarsInLog = 0;
		};
		D440D96781D7D07A432B4F25 /* [CP] Check Pods Manifest.lock */ = {
			isa = PBXShellScriptBuildPhase;
			buildActionMask = 2147483647;
			files = (
			);
			inputFileListPaths = (
			);
			inputPaths = (
				"${PODS_PODFILE_DIR_PATH}/Podfile.lock",
				"${PODS_ROOT}/Manifest.lock",
			);
			name = "[CP] Check Pods Manifest.lock";
			outputFileListPaths = (
			);
			outputPaths = (
				"$(DERIVED_FILE_DIR)/Pods-ReactiveDataSources-checkManifestLockResult.txt",
			);
			runOnlyForDeploymentPostprocessing = 0;
			shellPath = /bin/sh;
			shellScript = "diff \"${PODS_PODFILE_DIR_PATH}/Podfile.lock\" \"${PODS_ROOT}/Manifest.lock\" > /dev/null\nif [ $? != 0 ] ; then\n    # print error to STDERR\n    echo \"error: The sandbox is not in sync with the Podfile.lock. Run 'pod install' or update your CocoaPods installation.\" >&2\n    exit 1\nfi\n# This output is used by Xcode 'outputs' to avoid re-running this script phase.\necho \"SUCCESS\" > \"${SCRIPT_OUTPUT_FILE_0}\"\n";
			showEnvVarsInLog = 0;
		};
/* End PBXShellScriptBuildPhase section */

/* Begin PBXSourcesBuildPhase section */
		65BCA0A2233A593C00C1CBC8 /* Sources */ = {
			isa = PBXSourcesBuildPhase;
			buildActionMask = 2147483647;
			files = (
				65CEE239233A66BA00E446E7 /* ReactiveTableViewDataSourceType.swift in Sources */,
				65CEE211233A5C8D00E446E7 /* ReactiveTableViewSectionedAnimatedDataSource.swift in Sources */,
				65CEE216233A5C8D00E446E7 /* AnimationConfiguration.swift in Sources */,
				65CEE21A233A5C8D00E446E7 /* UI+SectionedViewType.swift in Sources */,
				65CEE21B233A5C8D00E446E7 /* ReactiveCollectionViewSectionedAnimatedDataSource.swift in Sources */,
				65CEE221233A5C8D00E446E7 /* ViewTransition.swift in Sources */,
				65CEE212233A5C8D00E446E7 /* ReactiveCollectionViewSectionedReloadDataSource.swift in Sources */,
				65CEE215233A5C8D00E446E7 /* Deprecated.swift in Sources */,
				65CEE21E233A5C8D00E446E7 /* ReactiveTableViewSectionedReloadDataSource.swift in Sources */,
				65CEE220233A5C8D00E446E7 /* TableViewSectionedDataSource.swift in Sources */,
				65CEE237233A60A900E446E7 /* SectionedViewDataSourceType.swift in Sources */,
				65CEE219233A5C8D00E446E7 /* CollectionViewSectionedDataSource.swift in Sources */,
				65CEE213233A5C8D00E446E7 /* FloatingPointType+IdentifiableType.swift in Sources */,
				65CEE23B233A750F00E446E7 /* ReactiveCollectionViewDataSourceType.swift in Sources */,
				65CEE217233A5C8D00E446E7 /* String+IdentifiableType.swift in Sources */,
				65CEE21F233A5C8D00E446E7 /* IntegerType+IdentifiableType.swift in Sources */,
				65CEE23D233A7BB700E446E7 /* DataSources.swift in Sources */,
				65CEE214233A5C8D00E446E7 /* Array+Extensions.swift in Sources */,
			);
			runOnlyForDeploymentPostprocessing = 0;
		};
		65BCA0AB233A593D00C1CBC8 /* Sources */ = {
			isa = PBXSourcesBuildPhase;
			buildActionMask = 2147483647;
			files = (
				65CEE233233A5C9500E446E7 /* NumberSection.swift in Sources */,
				65CEE231233A5C9500E446E7 /* XCTest+Extensions.swift in Sources */,
				65CEE22C233A5C9500E446E7 /* RxCollectionViewSectionedDataSource+Test.swift in Sources */,
				65CEE22E233A5C9500E446E7 /* Array+Extensions.swift in Sources */,
				65CEE230233A5C9500E446E7 /* s.swift in Sources */,
				65CEE22D233A5C9500E446E7 /* AlgorithmTests.swift in Sources */,
				65CEE22F233A5C9500E446E7 /* i.swift in Sources */,
				65CEE22B233A5C9500E446E7 /* ChangeSet+TestExtensions.swift in Sources */,
				65CEE232233A5C9500E446E7 /* Randomizer.swift in Sources */,
				65BCA0B5233A593D00C1CBC8 /* ReactiveDataSourcesTests.swift in Sources */,
			);
			runOnlyForDeploymentPostprocessing = 0;
		};
/* End PBXSourcesBuildPhase section */

/* Begin PBXTargetDependency section */
		65BCA0B2233A593D00C1CBC8 /* PBXTargetDependency */ = {
			isa = PBXTargetDependency;
			target = 65BCA0A5233A593C00C1CBC8 /* ReactiveDataSources */;
			targetProxy = 65BCA0B1233A593D00C1CBC8 /* PBXContainerItemProxy */;
		};
/* End PBXTargetDependency section */

/* Begin XCBuildConfiguration section */
		65BCA0B8233A593D00C1CBC8 /* Debug */ = {
			isa = XCBuildConfiguration;
			buildSettings = {
				ALWAYS_SEARCH_USER_PATHS = NO;
				CLANG_ANALYZER_NONNULL = YES;
				CLANG_ANALYZER_NUMBER_OBJECT_CONVERSION = YES_AGGRESSIVE;
				CLANG_CXX_LANGUAGE_STANDARD = "gnu++14";
				CLANG_CXX_LIBRARY = "libc++";
				CLANG_ENABLE_MODULES = YES;
				CLANG_ENABLE_OBJC_ARC = YES;
				CLANG_ENABLE_OBJC_WEAK = YES;
				CLANG_WARN_BLOCK_CAPTURE_AUTORELEASING = YES;
				CLANG_WARN_BOOL_CONVERSION = YES;
				CLANG_WARN_COMMA = YES;
				CLANG_WARN_CONSTANT_CONVERSION = YES;
				CLANG_WARN_DEPRECATED_OBJC_IMPLEMENTATIONS = YES;
				CLANG_WARN_DIRECT_OBJC_ISA_USAGE = YES_ERROR;
				CLANG_WARN_DOCUMENTATION_COMMENTS = YES;
				CLANG_WARN_EMPTY_BODY = YES;
				CLANG_WARN_ENUM_CONVERSION = YES;
				CLANG_WARN_INFINITE_RECURSION = YES;
				CLANG_WARN_INT_CONVERSION = YES;
				CLANG_WARN_NON_LITERAL_NULL_CONVERSION = YES;
				CLANG_WARN_OBJC_IMPLICIT_RETAIN_SELF = YES;
				CLANG_WARN_OBJC_LITERAL_CONVERSION = YES;
				CLANG_WARN_OBJC_ROOT_CLASS = YES_ERROR;
				CLANG_WARN_RANGE_LOOP_ANALYSIS = YES;
				CLANG_WARN_STRICT_PROTOTYPES = YES;
				CLANG_WARN_SUSPICIOUS_MOVE = YES;
				CLANG_WARN_UNGUARDED_AVAILABILITY = YES_AGGRESSIVE;
				CLANG_WARN_UNREACHABLE_CODE = YES;
				CLANG_WARN__DUPLICATE_METHOD_MATCH = YES;
				COPY_PHASE_STRIP = NO;
				CURRENT_PROJECT_VERSION = 1;
				DEBUG_INFORMATION_FORMAT = dwarf;
				ENABLE_STRICT_OBJC_MSGSEND = YES;
				ENABLE_TESTABILITY = YES;
				GCC_C_LANGUAGE_STANDARD = gnu11;
				GCC_DYNAMIC_NO_PIC = NO;
				GCC_NO_COMMON_BLOCKS = YES;
				GCC_OPTIMIZATION_LEVEL = 0;
				GCC_PREPROCESSOR_DEFINITIONS = (
					"DEBUG=1",
					"$(inherited)",
				);
				GCC_WARN_64_TO_32_BIT_CONVERSION = YES;
				GCC_WARN_ABOUT_RETURN_TYPE = YES_ERROR;
				GCC_WARN_UNDECLARED_SELECTOR = YES;
				GCC_WARN_UNINITIALIZED_AUTOS = YES_AGGRESSIVE;
				GCC_WARN_UNUSED_FUNCTION = YES;
				GCC_WARN_UNUSED_VARIABLE = YES;
				IPHONEOS_DEPLOYMENT_TARGET = 13.0;
				MTL_ENABLE_DEBUG_INFO = INCLUDE_SOURCE;
				MTL_FAST_MATH = YES;
				ONLY_ACTIVE_ARCH = YES;
				SDKROOT = iphoneos;
				SWIFT_ACTIVE_COMPILATION_CONDITIONS = DEBUG;
				SWIFT_OPTIMIZATION_LEVEL = "-Onone";
				VERSIONING_SYSTEM = "apple-generic";
				VERSION_INFO_PREFIX = "";
			};
			name = Debug;
		};
		65BCA0B9233A593D00C1CBC8 /* Release */ = {
			isa = XCBuildConfiguration;
			buildSettings = {
				ALWAYS_SEARCH_USER_PATHS = NO;
				CLANG_ANALYZER_NONNULL = YES;
				CLANG_ANALYZER_NUMBER_OBJECT_CONVERSION = YES_AGGRESSIVE;
				CLANG_CXX_LANGUAGE_STANDARD = "gnu++14";
				CLANG_CXX_LIBRARY = "libc++";
				CLANG_ENABLE_MODULES = YES;
				CLANG_ENABLE_OBJC_ARC = YES;
				CLANG_ENABLE_OBJC_WEAK = YES;
				CLANG_WARN_BLOCK_CAPTURE_AUTORELEASING = YES;
				CLANG_WARN_BOOL_CONVERSION = YES;
				CLANG_WARN_COMMA = YES;
				CLANG_WARN_CONSTANT_CONVERSION = YES;
				CLANG_WARN_DEPRECATED_OBJC_IMPLEMENTATIONS = YES;
				CLANG_WARN_DIRECT_OBJC_ISA_USAGE = YES_ERROR;
				CLANG_WARN_DOCUMENTATION_COMMENTS = YES;
				CLANG_WARN_EMPTY_BODY = YES;
				CLANG_WARN_ENUM_CONVERSION = YES;
				CLANG_WARN_INFINITE_RECURSION = YES;
				CLANG_WARN_INT_CONVERSION = YES;
				CLANG_WARN_NON_LITERAL_NULL_CONVERSION = YES;
				CLANG_WARN_OBJC_IMPLICIT_RETAIN_SELF = YES;
				CLANG_WARN_OBJC_LITERAL_CONVERSION = YES;
				CLANG_WARN_OBJC_ROOT_CLASS = YES_ERROR;
				CLANG_WARN_RANGE_LOOP_ANALYSIS = YES;
				CLANG_WARN_STRICT_PROTOTYPES = YES;
				CLANG_WARN_SUSPICIOUS_MOVE = YES;
				CLANG_WARN_UNGUARDED_AVAILABILITY = YES_AGGRESSIVE;
				CLANG_WARN_UNREACHABLE_CODE = YES;
				CLANG_WARN__DUPLICATE_METHOD_MATCH = YES;
				COPY_PHASE_STRIP = NO;
				CURRENT_PROJECT_VERSION = 1;
				DEBUG_INFORMATION_FORMAT = "dwarf-with-dsym";
				ENABLE_NS_ASSERTIONS = NO;
				ENABLE_STRICT_OBJC_MSGSEND = YES;
				GCC_C_LANGUAGE_STANDARD = gnu11;
				GCC_NO_COMMON_BLOCKS = YES;
				GCC_WARN_64_TO_32_BIT_CONVERSION = YES;
				GCC_WARN_ABOUT_RETURN_TYPE = YES_ERROR;
				GCC_WARN_UNDECLARED_SELECTOR = YES;
				GCC_WARN_UNINITIALIZED_AUTOS = YES_AGGRESSIVE;
				GCC_WARN_UNUSED_FUNCTION = YES;
				GCC_WARN_UNUSED_VARIABLE = YES;
				IPHONEOS_DEPLOYMENT_TARGET = 13.0;
				MTL_ENABLE_DEBUG_INFO = NO;
				MTL_FAST_MATH = YES;
				SDKROOT = iphoneos;
				SWIFT_COMPILATION_MODE = wholemodule;
				SWIFT_OPTIMIZATION_LEVEL = "-O";
				VALIDATE_PRODUCT = YES;
				VERSIONING_SYSTEM = "apple-generic";
				VERSION_INFO_PREFIX = "";
			};
			name = Release;
		};
		65BCA0BB233A593D00C1CBC8 /* Debug */ = {
			isa = XCBuildConfiguration;
			baseConfigurationReference = 4CAFD550037521E28DAFF412 /* Pods-ReactiveDataSources.debug.xcconfig */;
			buildSettings = {
				CLANG_ENABLE_MODULES = YES;
				CODE_SIGN_STYLE = Automatic;
				DEFINES_MODULE = YES;
				DEVELOPMENT_TEAM = 6GHBTAS8V4;
				DYLIB_COMPATIBILITY_VERSION = 1;
				DYLIB_CURRENT_VERSION = 1;
				DYLIB_INSTALL_NAME_BASE = "@rpath";
				INFOPLIST_FILE = ReactiveDataSources/Info.plist;
				INSTALL_PATH = "$(LOCAL_LIBRARY_DIR)/Frameworks";
				IPHONEOS_DEPLOYMENT_TARGET = 11.0;
				LD_RUNPATH_SEARCH_PATHS = (
					"$(inherited)",
					"@executable_path/Frameworks",
					"@loader_path/Frameworks",
				);
				PRODUCT_BUNDLE_IDENTIFIER = com.cruxlab.ReactiveDataSources;
				PRODUCT_NAME = "$(TARGET_NAME:c99extidentifier)";
				SKIP_INSTALL = YES;
				SWIFT_OPTIMIZATION_LEVEL = "-Onone";
				SWIFT_VERSION = 5.0;
				TARGETED_DEVICE_FAMILY = "1,2";
			};
			name = Debug;
		};
		65BCA0BC233A593D00C1CBC8 /* Release */ = {
			isa = XCBuildConfiguration;
			baseConfigurationReference = C0899D38DB72C3391790E273 /* Pods-ReactiveDataSources.release.xcconfig */;
			buildSettings = {
				CLANG_ENABLE_MODULES = YES;
				CODE_SIGN_STYLE = Automatic;
				DEFINES_MODULE = YES;
				DEVELOPMENT_TEAM = 6GHBTAS8V4;
				DYLIB_COMPATIBILITY_VERSION = 1;
				DYLIB_CURRENT_VERSION = 1;
				DYLIB_INSTALL_NAME_BASE = "@rpath";
				INFOPLIST_FILE = ReactiveDataSources/Info.plist;
				INSTALL_PATH = "$(LOCAL_LIBRARY_DIR)/Frameworks";
				IPHONEOS_DEPLOYMENT_TARGET = 11.0;
				LD_RUNPATH_SEARCH_PATHS = (
					"$(inherited)",
					"@executable_path/Frameworks",
					"@loader_path/Frameworks",
				);
				PRODUCT_BUNDLE_IDENTIFIER = com.cruxlab.ReactiveDataSources;
				PRODUCT_NAME = "$(TARGET_NAME:c99extidentifier)";
				SKIP_INSTALL = YES;
				SWIFT_VERSION = 5.0;
				TARGETED_DEVICE_FAMILY = "1,2";
			};
			name = Release;
		};
		65BCA0BE233A593D00C1CBC8 /* Debug */ = {
			isa = XCBuildConfiguration;
			baseConfigurationReference = D4626BA2007CAD5B39E6DD22 /* Pods-ReactiveDataSourcesTests.debug.xcconfig */;
			buildSettings = {
				ALWAYS_EMBED_SWIFT_STANDARD_LIBRARIES = YES;
				CODE_SIGN_STYLE = Automatic;
				DEVELOPMENT_TEAM = 6GHBTAS8V4;
				INFOPLIST_FILE = ReactiveDataSourcesTests/Info.plist;
				LD_RUNPATH_SEARCH_PATHS = (
					"$(inherited)",
					"@executable_path/Frameworks",
					"@loader_path/Frameworks",
				);
				PRODUCT_BUNDLE_IDENTIFIER = com.cruxlab.ReactiveDataSourcesTests;
				PRODUCT_NAME = "$(TARGET_NAME)";
				SWIFT_VERSION = 5.0;
				TARGETED_DEVICE_FAMILY = "1,2";
			};
			name = Debug;
		};
		65BCA0BF233A593D00C1CBC8 /* Release */ = {
			isa = XCBuildConfiguration;
			baseConfigurationReference = F715FCFEE972001B79BFED53 /* Pods-ReactiveDataSourcesTests.release.xcconfig */;
			buildSettings = {
				ALWAYS_EMBED_SWIFT_STANDARD_LIBRARIES = YES;
				CODE_SIGN_STYLE = Automatic;
				DEVELOPMENT_TEAM = 6GHBTAS8V4;
				INFOPLIST_FILE = ReactiveDataSourcesTests/Info.plist;
				LD_RUNPATH_SEARCH_PATHS = (
					"$(inherited)",
					"@executable_path/Frameworks",
					"@loader_path/Frameworks",
				);
				PRODUCT_BUNDLE_IDENTIFIER = com.cruxlab.ReactiveDataSourcesTests;
				PRODUCT_NAME = "$(TARGET_NAME)";
				SWIFT_VERSION = 5.0;
				TARGETED_DEVICE_FAMILY = "1,2";
			};
			name = Release;
		};
/* End XCBuildConfiguration section */

/* Begin XCConfigurationList section */
		65BCA0A0233A593C00C1CBC8 /* Build configuration list for PBXProject "ReactiveDataSources" */ = {
			isa = XCConfigurationList;
			buildConfigurations = (
				65BCA0B8233A593D00C1CBC8 /* Debug */,
				65BCA0B9233A593D00C1CBC8 /* Release */,
			);
			defaultConfigurationIsVisible = 0;
			defaultConfigurationName = Release;
		};
		65BCA0BA233A593D00C1CBC8 /* Build configuration list for PBXNativeTarget "ReactiveDataSources" */ = {
			isa = XCConfigurationList;
			buildConfigurations = (
				65BCA0BB233A593D00C1CBC8 /* Debug */,
				65BCA0BC233A593D00C1CBC8 /* Release */,
			);
			defaultConfigurationIsVisible = 0;
			defaultConfigurationName = Release;
		};
		65BCA0BD233A593D00C1CBC8 /* Build configuration list for PBXNativeTarget "ReactiveDataSourcesTests" */ = {
			isa = XCConfigurationList;
			buildConfigurations = (
				65BCA0BE233A593D00C1CBC8 /* Debug */,
				65BCA0BF233A593D00C1CBC8 /* Release */,
			);
			defaultConfigurationIsVisible = 0;
			defaultConfigurationName = Release;
		};
/* End XCConfigurationList section */
	};
	rootObject = 65BCA09D233A593C00C1CBC8 /* Project object */;
}
